
Microsoft Visual Studio Solution File, Format Version 12.00
# Visual Studio Version 17
VisualStudioVersion = 17.0.32112.339
MinimumVisualStudioVersion = 10.0.40219.1
Project("{FAE04EC0-301F-11D3-BF4B-00C04F79EFBC}") = "Bian.Extensions", "Bian.Extensions\Bian.Extensions.csproj", "{F9289EC0-DA77-4F85-8D4C-8B3102ACC635}"
EndProject
Project("{FAE04EC0-301F-11D3-BF4B-00C04F79EFBC}") = "Test", "Test\Test.csproj", "{29D43E9C-3550-495E-BE86-5816E64CAF91}"
EndProject
Global
	GlobalSection(SolutionConfigurationPlatforms) = preSolution
		Debug|Any CPU = Debug|Any CPU
		Release|Any CPU = Release|Any CPU
	EndGlobalSection
	GlobalSection(ProjectConfigurationPlatforms) = postSolution
		{F9289EC0-DA77-4F85-8D4C-8B3102ACC635}.Debug|Any CPU.ActiveCfg = Debug|Any CPU
		{F9289EC0-DA77-4F85-8D4C-8B3102ACC635}.Debug|Any CPU.Build.0 = Debug|Any CPU
		{F9289EC0-DA77-4F85-8D4C-8B3102ACC635}.Release|Any CPU.ActiveCfg = Release|Any CPU
		{F9289EC0-DA77-4F85-8D4C-8B3102ACC635}.Release|Any CPU.Build.0 = Release|Any CPU
		{29D43E9C-3550-495E-BE86-5816E64CAF91}.Debug|Any CPU.ActiveCfg = Debug|Any CPU
		{29D43E9C-3550-495E-BE86-5816E64CAF91}.Debug|Any CPU.Build.0 = Debug|Any CPU
		{29D43E9C-3550-495E-BE86-5816E64CAF91}.Release|Any CPU.ActiveCfg = Release|Any CPU
		{29D43E9C-3550-495E-BE86-5816E64CAF91}.Release|Any CPU.Build.0 = Release|Any CPU
	EndGlobalSection
	GlobalSection(SolutionProperties) = preSolution
		HideSolutionNode = FALSE
	EndGlobalSection
	GlobalSection(ExtensibilityGlobals) = postSolution
		SolutionGuid = {7371CDB8-6E92-4E3E-8641-A3CF61395324}
	EndGlobalSection
EndGlobal
